
Microsoft Visual Studio Solution File, Format Version 12.00
# Visual Studio 15
VisualStudioVersion = 15.0.28307.572
MinimumVisualStudioVersion = 10.0.40219.1
Project("{FAE04EC0-301F-11D3-BF4B-00C04F79EFBC}") = "Bai1-buoi3", "Bai1-buoi3\Bai1-buoi3.csproj", "{5071C6EC-6603-4366-ADBD-F1FD0E8DD213}"
EndProject
Project("{FAE04EC0-301F-11D3-BF4B-00C04F79EFBC}") = "Bai2-buoi3", "Bai2-buoi3\Bai2-buoi3.csproj", "{D30DEDEB-CB46-4B5D-B147-060B5A587C98}"
EndProject
Project("{FAE04EC0-301F-11D3-BF4B-00C04F79EFBC}") = "Bai3-buoi3", "Bai3-buoi3\Bai3-buoi3.csproj", "{80B4F4A0-380E-42FF-A133-B2CFF91C10E4}"
EndProject
Project("{FAE04EC0-301F-11D3-BF4B-00C04F79EFBC}") = "Bai4-buoi3", "Bai4-buoi3\Bai4-buoi3.csproj", "{D44E4AF1-F6B2-4A05-BEBE-11CC9B219B7F}"
EndProject
Global
	GlobalSection(SolutionConfigurationPlatforms) = preSolution
		Debug|Any CPU = Debug|Any CPU
		Release|Any CPU = Release|Any CPU
	EndGlobalSection
	GlobalSection(ProjectConfigurationPlatforms) = postSolution
		{5071C6EC-6603-4366-ADBD-F1FD0E8DD213}.Debug|Any CPU.ActiveCfg = Debug|Any CPU
		{5071C6EC-6603-4366-ADBD-F1FD0E8DD213}.Debug|Any CPU.Build.0 = Debug|Any CPU
		{5071C6EC-6603-4366-ADBD-F1FD0E8DD213}.Release|Any CPU.ActiveCfg = Release|Any CPU
		{5071C6EC-6603-4366-ADBD-F1FD0E8DD213}.Release|Any CPU.Build.0 = Release|Any CPU
		{D30DEDEB-CB46-4B5D-B147-060B5A587C98}.Debug|Any CPU.ActiveCfg = Debug|Any CPU
		{D30DEDEB-CB46-4B5D-B147-060B5A587C98}.Debug|Any CPU.Build.0 = Debug|Any CPU
		{D30DEDEB-CB46-4B5D-B147-060B5A587C98}.Release|Any CPU.ActiveCfg = Release|Any CPU
		{D30DEDEB-CB46-4B5D-B147-060B5A587C98}.Release|Any CPU.Build.0 = Release|Any CPU
		{80B4F4A0-380E-42FF-A133-B2CFF91C10E4}.Debug|Any CPU.ActiveCfg = Debug|Any CPU
		{80B4F4A0-380E-42FF-A133-B2CFF91C10E4}.Debug|Any CPU.Build.0 = Debug|Any CPU
		{80B4F4A0-380E-42FF-A133-B2CFF91C10E4}.Release|Any CPU.ActiveCfg = Release|Any CPU
		{80B4F4A0-380E-42FF-A133-B2CFF91C10E4}.Release|Any CPU.Build.0 = Release|Any CPU
		{D44E4AF1-F6B2-4A05-BEBE-11CC9B219B7F}.Debug|Any CPU.ActiveCfg = Debug|Any CPU
		{D44E4AF1-F6B2-4A05-BEBE-11CC9B219B7F}.Debug|Any CPU.Build.0 = Debug|Any CPU
		{D44E4AF1-F6B2-4A05-BEBE-11CC9B219B7F}.Release|Any CPU.ActiveCfg = Release|Any CPU
		{D44E4AF1-F6B2-4A05-BEBE-11CC9B219B7F}.Release|Any CPU.Build.0 = Release|Any CPU
	EndGlobalSection
	GlobalSection(SolutionProperties) = preSolution
		HideSolutionNode = FALSE
	EndGlobalSection
	GlobalSection(ExtensibilityGlobals) = postSolution
		SolutionGuid = {BF536D78-BC7D-4E99-B52F-9B76F084DB66}
	EndGlobalSection
EndGlobal
