
Microsoft Visual Studio Solution File, Format Version 12.00
# Visual Studio 15
VisualStudioVersion = 15.0.28307.572
MinimumVisualStudioVersion = 10.0.40219.1
Project("{FAE04EC0-301F-11D3-BF4B-00C04F79EFBC}") = "Bai2-buoi5", "Bai2-buoi5\Bai2-buoi5.csproj", "{1E7CABE3-2127-41C2-AE54-8F84607B36EA}"
EndProject
Project("{FAE04EC0-301F-11D3-BF4B-00C04F79EFBC}") = "Bai3-buoi5", "Bai3-buoi5\Bai3-buoi5.csproj", "{5E0AE072-FC42-4910-960D-263C86DF80B5}"
EndProject
Project("{FAE04EC0-301F-11D3-BF4B-00C04F79EFBC}") = "Bai1-buoi5", "Bai1-buoi5\Bai1-buoi5.csproj", "{A522BF18-5C62-49AF-A131-5E164A69ED50}"
EndProject
Global
	GlobalSection(SolutionConfigurationPlatforms) = preSolution
		Debug|Any CPU = Debug|Any CPU
		Release|Any CPU = Release|Any CPU
	EndGlobalSection
	GlobalSection(ProjectConfigurationPlatforms) = postSolution
		{1E7CABE3-2127-41C2-AE54-8F84607B36EA}.Debug|Any CPU.ActiveCfg = Debug|Any CPU
		{1E7CABE3-2127-41C2-AE54-8F84607B36EA}.Debug|Any CPU.Build.0 = Debug|Any CPU
		{1E7CABE3-2127-41C2-AE54-8F84607B36EA}.Release|Any CPU.ActiveCfg = Release|Any CPU
		{1E7CABE3-2127-41C2-AE54-8F84607B36EA}.Release|Any CPU.Build.0 = Release|Any CPU
		{5E0AE072-FC42-4910-960D-263C86DF80B5}.Debug|Any CPU.ActiveCfg = Debug|Any CPU
		{5E0AE072-FC42-4910-960D-263C86DF80B5}.Debug|Any CPU.Build.0 = Debug|Any CPU
		{5E0AE072-FC42-4910-960D-263C86DF80B5}.Release|Any CPU.ActiveCfg = Release|Any CPU
		{5E0AE072-FC42-4910-960D-263C86DF80B5}.Release|Any CPU.Build.0 = Release|Any CPU
		{A522BF18-5C62-49AF-A131-5E164A69ED50}.Debug|Any CPU.ActiveCfg = Debug|Any CPU
		{A522BF18-5C62-49AF-A131-5E164A69ED50}.Debug|Any CPU.Build.0 = Debug|Any CPU
		{A522BF18-5C62-49AF-A131-5E164A69ED50}.Release|Any CPU.ActiveCfg = Release|Any CPU
		{A522BF18-5C62-49AF-A131-5E164A69ED50}.Release|Any CPU.Build.0 = Release|Any CPU
	EndGlobalSection
	GlobalSection(SolutionProperties) = preSolution
		HideSolutionNode = FALSE
	EndGlobalSection
	GlobalSection(ExtensibilityGlobals) = postSolution
		SolutionGuid = {BF536D78-BC7D-4E99-B52F-9B76F084DB66}
	EndGlobalSection
EndGlobal
